
Microsoft Visual Studio Solution File, Format Version 12.00
# Visual Studio 15
Project("{FAE04EC0-301F-11D3-BF4B-00C04F79EFBC}") = "Assembly-CSharp", "Assembly-CSharp.csproj", "{BD30DDA0-BF3C-238E-BABA-71761A7DA682}"
EndProject
Project("{FAE04EC0-301F-11D3-BF4B-00C04F79EFBC}") = "Assembly-CSharp-Editor", "Assembly-CSharp-Editor.csproj", "{2CE20703-2983-1DB4-2768-10EFD3B74065}"
EndProject
Global
	GlobalSection(SolutionConfigurationPlatforms) = preSolution
		Debug|Any CPU = Debug|Any CPU
		Release|Any CPU = Release|Any CPU
	EndGlobalSection
	GlobalSection(ProjectConfigurationPlatforms) = postSolution
		{BD30DDA0-BF3C-238E-BABA-71761A7DA682}.Debug|Any CPU.ActiveCfg = Debug|Any CPU
		{BD30DDA0-BF3C-238E-BABA-71761A7DA682}.Debug|Any CPU.Build.0 = Debug|Any CPU
		{BD30DDA0-BF3C-238E-BABA-71761A7DA682}.Release|Any CPU.ActiveCfg = Release|Any CPU
		{BD30DDA0-BF3C-238E-BABA-71761A7DA682}.Release|Any CPU.Build.0 = Release|Any CPU
		{2CE20703-2983-1DB4-2768-10EFD3B74065}.Debug|Any CPU.ActiveCfg = Debug|Any CPU
		{2CE20703-2983-1DB4-2768-10EFD3B74065}.Debug|Any CPU.Build.0 = Debug|Any CPU
		{2CE20703-2983-1DB4-2768-10EFD3B74065}.Release|Any CPU.ActiveCfg = Release|Any CPU
		{2CE20703-2983-1DB4-2768-10EFD3B74065}.Release|Any CPU.Build.0 = Release|Any CPU
	EndGlobalSection
	GlobalSection(SolutionProperties) = preSolution
		HideSolutionNode = FALSE
	EndGlobalSection
EndGlobal
